
Microsoft Visual Studio Solution File, Format Version 12.00
# Visual Studio 15
VisualStudioVersion = 15.0.26730.12
MinimumVisualStudioVersion = 10.0.40219.1
Project("{F184B08F-C81C-45F6-A57F-5ABD9991F28F}") = "WindowsApp1", "WindowsApp1\WindowsApp1.vbproj", "{85296CF6-E360-4E4B-9637-12A3585C641F}"
EndProject
Global
	GlobalSection(SolutionConfigurationPlatforms) = preSolution
		Debug|Any CPU = Debug|Any CPU
		Release|Any CPU = Release|Any CPU
	EndGlobalSection
	GlobalSection(ProjectConfigurationPlatforms) = postSolution
		{85296CF6-E360-4E4B-9637-12A3585C641F}.Debug|Any CPU.ActiveCfg = Debug|Any CPU
		{85296CF6-E360-4E4B-9637-12A3585C641F}.Debug|Any CPU.Build.0 = Debug|Any CPU
		{85296CF6-E360-4E4B-9637-12A3585C641F}.Release|Any CPU.ActiveCfg = Release|Any CPU
		{85296CF6-E360-4E4B-9637-12A3585C641F}.Release|Any CPU.Build.0 = Release|Any CPU
	EndGlobalSection
	GlobalSection(SolutionProperties) = preSolution
		HideSolutionNode = FALSE
	EndGlobalSection
	GlobalSection(ExtensibilityGlobals) = postSolution
		SolutionGuid = {7BCFD5EB-87A0-4A23-9445-E5DA54D05ABF}
	EndGlobalSection
EndGlobal
